
Microsoft Visual Studio Solution File, Format Version 12.00
# Visual Studio Version 17
VisualStudioVersion = 17.11.35327.3
MinimumVisualStudioVersion = 10.0.40219.1
Project("{FAE04EC0-301F-11D3-BF4B-00C04F79EFBC}") = "for", "for\for.csproj", "{80D9F168-1B27-4939-A336-A3D8EDF116A2}"
EndProject
Global
	GlobalSection(SolutionConfigurationPlatforms) = preSolution
		Debug|Any CPU = Debug|Any CPU
		Release|Any CPU = Release|Any CPU
	EndGlobalSection
	GlobalSection(ProjectConfigurationPlatforms) = postSolution
		{80D9F168-1B27-4939-A336-A3D8EDF116A2}.Debug|Any CPU.ActiveCfg = Debug|Any CPU
		{80D9F168-1B27-4939-A336-A3D8EDF116A2}.Debug|Any CPU.Build.0 = Debug|Any CPU
		{80D9F168-1B27-4939-A336-A3D8EDF116A2}.Release|Any CPU.ActiveCfg = Release|Any CPU
		{80D9F168-1B27-4939-A336-A3D8EDF116A2}.Release|Any CPU.Build.0 = Release|Any CPU
	EndGlobalSection
	GlobalSection(SolutionProperties) = preSolution
		HideSolutionNode = FALSE
	EndGlobalSection
	GlobalSection(ExtensibilityGlobals) = postSolution
		SolutionGuid = {CAF1FAFF-DAC4-45BF-94D3-7137F7952F2C}
	EndGlobalSection
EndGlobal
